{
  "requires": true,
  "lockfileVersion": 1,
  "dependencies": {
    "lodash": {
      "version": "4.17.21",
      "resolved": "https://registry.npmjs.org/lodash/-/lodash-4.17.21.tgz",
      "integrity": "sha512-v2kDEe57lecTulaDIuNTPy3Ry4gLGJ6Z1O3vE1krgXZNrsQ+LFTGHVxVjcXPs17LhbZVGedAJv8XZ1tvj5FvSg=="
    },
    "react-timetable-events": {
      "version": "1.0.2",
      "resolved": "https://registry.npmjs.org/react-timetable-events/-/react-timetable-events-1.0.2.tgz",
      "integrity": "sha512-JPIzzPTz9ge6/YdHgvNHq2mAo38rQJah3wUoLs9LYkSlfvHRPUydiiOKnHaU2f0tnWexL3WyjqTPidScMeAKJA==",
      "requires": {
        "lodash": "^4.17.5",
        "react-timetable-events": "^1.0.0"
      }
    }
  }
}
